
Microsoft Visual Studio Solution File, Format Version 12.00
# Visual Studio 14
VisualStudioVersion = 14.0.25420.1
MinimumVisualStudioVersion = 10.0.40219.1
Project("{FAE04EC0-301F-11D3-BF4B-00C04F79EFBC}") = "MP3Boss", "MP3Boss\MP3Boss.csproj", "{1701C163-43E1-47D2-8532-6B2775BD1790}"
EndProject
Project("{FAE04EC0-301F-11D3-BF4B-00C04F79EFBC}") = "MP3Boss.DAL", "MP3Boss.DAL\MP3Boss.DAL.csproj", "{61C117EA-EE28-4269-84ED-D81711561F8E}"
EndProject
Project("{FAE04EC0-301F-11D3-BF4B-00C04F79EFBC}") = "MP3Boss.Models", "MP3Boss.Models\MP3Boss.Models.csproj", "{99EE8C05-14BD-4D10-9837-02D4ABD3C6C3}"
EndProject
Project("{FAE04EC0-301F-11D3-BF4B-00C04F79EFBC}") = "MP3Boss.Tests", "MP3Boss.Tests\MP3Boss.Tests.csproj", "{2860297F-2F25-4256-8D4F-5938A86C0157}"
EndProject
Project("{FAE04EC0-301F-11D3-BF4B-00C04F79EFBC}") = "MP3Boss.BLL", "MP3Boss.BLL\MP3Boss.BLL.csproj", "{0B97C335-01DD-4BF3-94EC-61A71B29CDEF}"
EndProject
Project("{FAE04EC0-301F-11D3-BF4B-00C04F79EFBC}") = "MP3Boss.Common", "MP3Boss.Common\MP3Boss.Common.csproj", "{1C5FB1BB-F04C-405B-9A55-F40CA6A88D56}"
EndProject
Global
	GlobalSection(SolutionConfigurationPlatforms) = preSolution
		Debug|Any CPU = Debug|Any CPU
		Release|Any CPU = Release|Any CPU
	EndGlobalSection
	GlobalSection(ProjectConfigurationPlatforms) = postSolution
		{1701C163-43E1-47D2-8532-6B2775BD1790}.Debug|Any CPU.ActiveCfg = Debug|Any CPU
		{1701C163-43E1-47D2-8532-6B2775BD1790}.Debug|Any CPU.Build.0 = Debug|Any CPU
		{1701C163-43E1-47D2-8532-6B2775BD1790}.Release|Any CPU.ActiveCfg = Release|Any CPU
		{1701C163-43E1-47D2-8532-6B2775BD1790}.Release|Any CPU.Build.0 = Release|Any CPU
		{61C117EA-EE28-4269-84ED-D81711561F8E}.Debug|Any CPU.ActiveCfg = Debug|Any CPU
		{61C117EA-EE28-4269-84ED-D81711561F8E}.Debug|Any CPU.Build.0 = Debug|Any CPU
		{61C117EA-EE28-4269-84ED-D81711561F8E}.Release|Any CPU.ActiveCfg = Release|Any CPU
		{61C117EA-EE28-4269-84ED-D81711561F8E}.Release|Any CPU.Build.0 = Release|Any CPU
		{99EE8C05-14BD-4D10-9837-02D4ABD3C6C3}.Debug|Any CPU.ActiveCfg = Debug|Any CPU
		{99EE8C05-14BD-4D10-9837-02D4ABD3C6C3}.Debug|Any CPU.Build.0 = Debug|Any CPU
		{99EE8C05-14BD-4D10-9837-02D4ABD3C6C3}.Release|Any CPU.ActiveCfg = Release|Any CPU
		{99EE8C05-14BD-4D10-9837-02D4ABD3C6C3}.Release|Any CPU.Build.0 = Release|Any CPU
		{2860297F-2F25-4256-8D4F-5938A86C0157}.Debug|Any CPU.ActiveCfg = Debug|Any CPU
		{2860297F-2F25-4256-8D4F-5938A86C0157}.Debug|Any CPU.Build.0 = Debug|Any CPU
		{2860297F-2F25-4256-8D4F-5938A86C0157}.Release|Any CPU.ActiveCfg = Release|Any CPU
		{2860297F-2F25-4256-8D4F-5938A86C0157}.Release|Any CPU.Build.0 = Release|Any CPU
		{0B97C335-01DD-4BF3-94EC-61A71B29CDEF}.Debug|Any CPU.ActiveCfg = Debug|Any CPU
		{0B97C335-01DD-4BF3-94EC-61A71B29CDEF}.Debug|Any CPU.Build.0 = Debug|Any CPU
		{0B97C335-01DD-4BF3-94EC-61A71B29CDEF}.Release|Any CPU.ActiveCfg = Release|Any CPU
		{0B97C335-01DD-4BF3-94EC-61A71B29CDEF}.Release|Any CPU.Build.0 = Release|Any CPU
		{1C5FB1BB-F04C-405B-9A55-F40CA6A88D56}.Debug|Any CPU.ActiveCfg = Debug|Any CPU
		{1C5FB1BB-F04C-405B-9A55-F40CA6A88D56}.Debug|Any CPU.Build.0 = Debug|Any CPU
		{1C5FB1BB-F04C-405B-9A55-F40CA6A88D56}.Release|Any CPU.ActiveCfg = Release|Any CPU
		{1C5FB1BB-F04C-405B-9A55-F40CA6A88D56}.Release|Any CPU.Build.0 = Release|Any CPU
	EndGlobalSection
	GlobalSection(SolutionProperties) = preSolution
		HideSolutionNode = FALSE
	EndGlobalSection
EndGlobal
